
Microsoft Visual Studio Solution File, Format Version 12.00
# Visual Studio Version 17
VisualStudioVersion = 17.14.36202.13
MinimumVisualStudioVersion = 10.0.40219.1
Project("{FAE04EC0-301F-11D3-BF4B-00C04F79EFBC}") = "ProgettoFinale", "ProgettoFinale\ProgettoFinale.csproj", "{957E11CC-8E01-41D0-8C7E-2952EEC07309}"
EndProject
Global
	GlobalSection(SolutionConfigurationPlatforms) = preSolution
		Debug|Any CPU = Debug|Any CPU
		Release|Any CPU = Release|Any CPU
	EndGlobalSection
	GlobalSection(ProjectConfigurationPlatforms) = postSolution
		{957E11CC-8E01-41D0-8C7E-2952EEC07309}.Debug|Any CPU.ActiveCfg = Debug|Any CPU
		{957E11CC-8E01-41D0-8C7E-2952EEC07309}.Debug|Any CPU.Build.0 = Debug|Any CPU
		{957E11CC-8E01-41D0-8C7E-2952EEC07309}.Release|Any CPU.ActiveCfg = Release|Any CPU
		{957E11CC-8E01-41D0-8C7E-2952EEC07309}.Release|Any CPU.Build.0 = Release|Any CPU
	EndGlobalSection
	GlobalSection(SolutionProperties) = preSolution
		HideSolutionNode = FALSE
	EndGlobalSection
	GlobalSection(ExtensibilityGlobals) = postSolution
		SolutionGuid = {97819DC8-0754-4545-9675-5046C7C7EB92}
	EndGlobalSection
EndGlobal
